
Microsoft Visual Studio Solution File, Format Version 12.00
# Visual Studio Version 17
VisualStudioVersion = 17.8.34330.188
MinimumVisualStudioVersion = 10.0.40219.1
Project("{FAE04EC0-301F-11D3-BF4B-00C04F79EFBC}") = "MusicPlayer", "MusicPlayer.csproj", "{4E71F9DA-7BAC-4FE2-A1DA-B7A1EA894DDF}"
EndProject
Global
	GlobalSection(SolutionConfigurationPlatforms) = preSolution
		Debug|Any CPU = Debug|Any CPU
		Release|Any CPU = Release|Any CPU
	EndGlobalSection
	GlobalSection(ProjectConfigurationPlatforms) = postSolution
		{4E71F9DA-7BAC-4FE2-A1DA-B7A1EA894DDF}.Debug|Any CPU.ActiveCfg = Debug|Any CPU
		{4E71F9DA-7BAC-4FE2-A1DA-B7A1EA894DDF}.Debug|Any CPU.Build.0 = Debug|Any CPU
		{4E71F9DA-7BAC-4FE2-A1DA-B7A1EA894DDF}.Release|Any CPU.ActiveCfg = Release|Any CPU
		{4E71F9DA-7BAC-4FE2-A1DA-B7A1EA894DDF}.Release|Any CPU.Build.0 = Release|Any CPU
	EndGlobalSection
	GlobalSection(SolutionProperties) = preSolution
		HideSolutionNode = FALSE
	EndGlobalSection
	GlobalSection(ExtensibilityGlobals) = postSolution
		SolutionGuid = {16430B8C-C7E1-4EBD-8C69-5A19ABD554F2}
	EndGlobalSection
EndGlobal
